{
  "object": {
    "pins": [
      {
        "package": "bocho",
        "repositoryURL": "https://github.com/yanagiba/bocho",
        "state": {
          "branch": null,
          "revision": "997bd2aa557e39a284afc3245989aa006b0f28fa",
          "version": "0.1.2"
        }
      },
      {
        "package": "swift-ast",
        "repositoryURL": "https://github.com/yanagiba/swift-ast.git",
        "state": {
          "branch": null,
          "revision": "a3f4734b38216f78c51c370f10851eef8ae81450",
          "version": "0.4.2"
        }
      }
    ]
  },
  "version": 1
}
